
Microsoft Visual Studio Solution File, Format Version 12.00
# Visual Studio Version 17
VisualStudioVersion = 17.1.32210.238
MinimumVisualStudioVersion = 10.0.40219.1
Project("{9A19103F-16F7-4668-BE54-9A1E7A4F7556}") = "ToolsApp.Server", "ToolsApp\Server\ToolsApp.Server.csproj", "{C5C3AB47-BBB1-4B35-A518-A4D80D5BA2D3}"
EndProject
Project("{9A19103F-16F7-4668-BE54-9A1E7A4F7556}") = "ToolsApp.Client", "ToolsApp\Client\ToolsApp.Client.csproj", "{731C0A67-D4C5-4941-8B14-A8CD99403B1F}"
EndProject
Project("{9A19103F-16F7-4668-BE54-9A1E7A4F7556}") = "ToolsApp.Shared", "ToolsApp\Shared\ToolsApp.Shared.csproj", "{CF426704-937F-4831-8900-3FF532B487C3}"
EndProject
Project("{9A19103F-16F7-4668-BE54-9A1E7A4F7556}") = "ToolsApp.Data", "ToolsApp.Data\ToolsApp.Data.csproj", "{62EA1F8D-3B5F-45E9-8B42-4D326BA77DFD}"
EndProject
Project("{9A19103F-16F7-4668-BE54-9A1E7A4F7556}") = "ToolsApp.Core", "ToolsApp.Core\ToolsApp.Core.csproj", "{4A086CE0-9F32-4559-8400-77E4EE0B43CD}"
EndProject
Project("{FAE04EC0-301F-11D3-BF4B-00C04F79EFBC}") = "ToolsApp.Components.Shared", "ToolsApp.Components.Shared\ToolsApp.Components.Shared.csproj", "{E3D315A8-126C-457D-9A76-1167233D3FB6}"
EndProject
Project("{FAE04EC0-301F-11D3-BF4B-00C04F79EFBC}") = "ToolsApp.Components.CarTool", "ToolsApp.Components.CarTool\ToolsApp.Components.CarTool.csproj", "{D927B625-B374-4DFD-AC21-25FD9608E859}"
EndProject
Project("{FAE04EC0-301F-11D3-BF4B-00C04F79EFBC}") = "ToolsApp.Components.ColorTool", "ToolsApp.Components.ColorTool\ToolsApp.Components.ColorTool.csproj", "{87811D3C-0E6D-43A4-B796-0718D65500C5}"
EndProject
Project("{FAE04EC0-301F-11D3-BF4B-00C04F79EFBC}") = "ToolsApp.Tests.Client", "ToolsApp.Tests.Client\ToolsApp.Tests.Client.csproj", "{8D77C66D-B947-4094-ADF7-BD7C7D42C39C}"
EndProject
Project("{FAE04EC0-301F-11D3-BF4B-00C04F79EFBC}") = "ToolsApp.Tests.Server", "ToolsApp.Tests.Server\ToolsApp.Tests.Server.csproj", "{CE4F6AB9-90B8-4D87-8F17-80779004DBA4}"
EndProject
Project("{FAE04EC0-301F-11D3-BF4B-00C04F79EFBC}") = "ToolsApp.Tests.Components.Shared", "ToolsApp.Tests.Components.Shared\ToolsApp.Tests.Components.Shared.csproj", "{C6220847-05B5-4308-B2C2-487C2F73FF90}"
EndProject
Project("{FAE04EC0-301F-11D3-BF4B-00C04F79EFBC}") = "ToolsApp.Tests.Components.ColorTool", "ToolsApp.Tests.Components.ColorTool\ToolsApp.Tests.Components.ColorTool.csproj", "{A7E820C8-AB8F-4468-823A-9A6DB972F786}"
EndProject
Project("{FAE04EC0-301F-11D3-BF4B-00C04F79EFBC}") = "ToolsApp.Tests.Components.CarTool", "ToolsApp.Tests.Components.CarTool\ToolsApp.Tests.Components.CarTool.csproj", "{AD7D940F-6A75-4C2D-A26F-495DDC3440DA}"
EndProject
Global
	GlobalSection(SolutionConfigurationPlatforms) = preSolution
		Debug|Any CPU = Debug|Any CPU
		Release|Any CPU = Release|Any CPU
	EndGlobalSection
	GlobalSection(ProjectConfigurationPlatforms) = postSolution
		{C5C3AB47-BBB1-4B35-A518-A4D80D5BA2D3}.Debug|Any CPU.ActiveCfg = Debug|Any CPU
		{C5C3AB47-BBB1-4B35-A518-A4D80D5BA2D3}.Debug|Any CPU.Build.0 = Debug|Any CPU
		{C5C3AB47-BBB1-4B35-A518-A4D80D5BA2D3}.Release|Any CPU.ActiveCfg = Release|Any CPU
		{C5C3AB47-BBB1-4B35-A518-A4D80D5BA2D3}.Release|Any CPU.Build.0 = Release|Any CPU
		{731C0A67-D4C5-4941-8B14-A8CD99403B1F}.Debug|Any CPU.ActiveCfg = Debug|Any CPU
		{731C0A67-D4C5-4941-8B14-A8CD99403B1F}.Debug|Any CPU.Build.0 = Debug|Any CPU
		{731C0A67-D4C5-4941-8B14-A8CD99403B1F}.Release|Any CPU.ActiveCfg = Release|Any CPU
		{731C0A67-D4C5-4941-8B14-A8CD99403B1F}.Release|Any CPU.Build.0 = Release|Any CPU
		{CF426704-937F-4831-8900-3FF532B487C3}.Debug|Any CPU.ActiveCfg = Debug|Any CPU
		{CF426704-937F-4831-8900-3FF532B487C3}.Debug|Any CPU.Build.0 = Debug|Any CPU
		{CF426704-937F-4831-8900-3FF532B487C3}.Release|Any CPU.ActiveCfg = Release|Any CPU
		{CF426704-937F-4831-8900-3FF532B487C3}.Release|Any CPU.Build.0 = Release|Any CPU
		{62EA1F8D-3B5F-45E9-8B42-4D326BA77DFD}.Debug|Any CPU.ActiveCfg = Debug|Any CPU
		{62EA1F8D-3B5F-45E9-8B42-4D326BA77DFD}.Debug|Any CPU.Build.0 = Debug|Any CPU
		{62EA1F8D-3B5F-45E9-8B42-4D326BA77DFD}.Release|Any CPU.ActiveCfg = Release|Any CPU
		{62EA1F8D-3B5F-45E9-8B42-4D326BA77DFD}.Release|Any CPU.Build.0 = Release|Any CPU
		{4A086CE0-9F32-4559-8400-77E4EE0B43CD}.Debug|Any CPU.ActiveCfg = Debug|Any CPU
		{4A086CE0-9F32-4559-8400-77E4EE0B43CD}.Debug|Any CPU.Build.0 = Debug|Any CPU
		{4A086CE0-9F32-4559-8400-77E4EE0B43CD}.Release|Any CPU.ActiveCfg = Release|Any CPU
		{4A086CE0-9F32-4559-8400-77E4EE0B43CD}.Release|Any CPU.Build.0 = Release|Any CPU
		{E3D315A8-126C-457D-9A76-1167233D3FB6}.Debug|Any CPU.ActiveCfg = Debug|Any CPU
		{E3D315A8-126C-457D-9A76-1167233D3FB6}.Debug|Any CPU.Build.0 = Debug|Any CPU
		{E3D315A8-126C-457D-9A76-1167233D3FB6}.Release|Any CPU.ActiveCfg = Release|Any CPU
		{E3D315A8-126C-457D-9A76-1167233D3FB6}.Release|Any CPU.Build.0 = Release|Any CPU
		{D927B625-B374-4DFD-AC21-25FD9608E859}.Debug|Any CPU.ActiveCfg = Debug|Any CPU
		{D927B625-B374-4DFD-AC21-25FD9608E859}.Debug|Any CPU.Build.0 = Debug|Any CPU
		{D927B625-B374-4DFD-AC21-25FD9608E859}.Release|Any CPU.ActiveCfg = Release|Any CPU
		{D927B625-B374-4DFD-AC21-25FD9608E859}.Release|Any CPU.Build.0 = Release|Any CPU
		{87811D3C-0E6D-43A4-B796-0718D65500C5}.Debug|Any CPU.ActiveCfg = Debug|Any CPU
		{87811D3C-0E6D-43A4-B796-0718D65500C5}.Debug|Any CPU.Build.0 = Debug|Any CPU
		{87811D3C-0E6D-43A4-B796-0718D65500C5}.Release|Any CPU.ActiveCfg = Release|Any CPU
		{87811D3C-0E6D-43A4-B796-0718D65500C5}.Release|Any CPU.Build.0 = Release|Any CPU
		{8D77C66D-B947-4094-ADF7-BD7C7D42C39C}.Debug|Any CPU.ActiveCfg = Debug|Any CPU
		{8D77C66D-B947-4094-ADF7-BD7C7D42C39C}.Debug|Any CPU.Build.0 = Debug|Any CPU
		{8D77C66D-B947-4094-ADF7-BD7C7D42C39C}.Release|Any CPU.ActiveCfg = Release|Any CPU
		{8D77C66D-B947-4094-ADF7-BD7C7D42C39C}.Release|Any CPU.Build.0 = Release|Any CPU
		{CE4F6AB9-90B8-4D87-8F17-80779004DBA4}.Debug|Any CPU.ActiveCfg = Debug|Any CPU
		{CE4F6AB9-90B8-4D87-8F17-80779004DBA4}.Debug|Any CPU.Build.0 = Debug|Any CPU
		{CE4F6AB9-90B8-4D87-8F17-80779004DBA4}.Release|Any CPU.ActiveCfg = Release|Any CPU
		{CE4F6AB9-90B8-4D87-8F17-80779004DBA4}.Release|Any CPU.Build.0 = Release|Any CPU
		{C6220847-05B5-4308-B2C2-487C2F73FF90}.Debug|Any CPU.ActiveCfg = Debug|Any CPU
		{C6220847-05B5-4308-B2C2-487C2F73FF90}.Debug|Any CPU.Build.0 = Debug|Any CPU
		{C6220847-05B5-4308-B2C2-487C2F73FF90}.Release|Any CPU.ActiveCfg = Release|Any CPU
		{C6220847-05B5-4308-B2C2-487C2F73FF90}.Release|Any CPU.Build.0 = Release|Any CPU
		{A7E820C8-AB8F-4468-823A-9A6DB972F786}.Debug|Any CPU.ActiveCfg = Debug|Any CPU
		{A7E820C8-AB8F-4468-823A-9A6DB972F786}.Debug|Any CPU.Build.0 = Debug|Any CPU
		{A7E820C8-AB8F-4468-823A-9A6DB972F786}.Release|Any CPU.ActiveCfg = Release|Any CPU
		{A7E820C8-AB8F-4468-823A-9A6DB972F786}.Release|Any CPU.Build.0 = Release|Any CPU
		{AD7D940F-6A75-4C2D-A26F-495DDC3440DA}.Debug|Any CPU.ActiveCfg = Debug|Any CPU
		{AD7D940F-6A75-4C2D-A26F-495DDC3440DA}.Debug|Any CPU.Build.0 = Debug|Any CPU
		{AD7D940F-6A75-4C2D-A26F-495DDC3440DA}.Release|Any CPU.ActiveCfg = Release|Any CPU
		{AD7D940F-6A75-4C2D-A26F-495DDC3440DA}.Release|Any CPU.Build.0 = Release|Any CPU
	EndGlobalSection
	GlobalSection(SolutionProperties) = preSolution
		HideSolutionNode = FALSE
	EndGlobalSection
	GlobalSection(ExtensibilityGlobals) = postSolution
		SolutionGuid = {AB9210C6-1C36-476B-B4D7-D9DB50FF802F}
	EndGlobalSection
EndGlobal
